
Microsoft Visual Studio Solution File, Format Version 11.00
# Visual Studio 2010
Project("{FAE04EC0-301F-11D3-BF4B-00C04F79EFBC}") = "Unity.ML-Agents", "Unity.ML-Agents.csproj", "{4508aa91-4a1d-67df-7073-7f71a4f4506a}"
EndProject
Project("{FAE04EC0-301F-11D3-BF4B-00C04F79EFBC}") = "UnityEngine.TestRunner", "UnityEngine.TestRunner.csproj", "{4711336a-38b9-e020-a5f2-98f976150917}"
EndProject
Project("{FAE04EC0-301F-11D3-BF4B-00C04F79EFBC}") = "UnityEngine.UI", "UnityEngine.UI.csproj", "{2ccb05a8-ae64-beb3-1ee4-78ebe349f697}"
EndProject
Project("{FAE04EC0-301F-11D3-BF4B-00C04F79EFBC}") = "Unity.VisualScripting.Flow", "Unity.VisualScripting.Flow.csproj", "{2a316ca6-4bff-6af2-34f3-cbaa1d95deef}"
EndProject
Project("{FAE04EC0-301F-11D3-BF4B-00C04F79EFBC}") = "Unity.Barracuda", "Unity.Barracuda.csproj", "{35b88c30-6e59-4be0-22c6-4dabdd4156b4}"
EndProject
Project("{FAE04EC0-301F-11D3-BF4B-00C04F79EFBC}") = "Unity.Mathematics", "Unity.Mathematics.csproj", "{8ee3c8d9-7d6d-c92b-aac8-40f1da20d19f}"
EndProject
Project("{FAE04EC0-301F-11D3-BF4B-00C04F79EFBC}") = "Unity.Services.Core.Telemetry", "Unity.Services.Core.Telemetry.csproj", "{21eca70a-1159-f486-0a45-3ebaf31a0ed6}"
EndProject
Project("{FAE04EC0-301F-11D3-BF4B-00C04F79EFBC}") = "Unity.Barracuda.ONNX", "Unity.Barracuda.ONNX.csproj", "{f152072b-ed4a-2389-e4d6-0cd4c86927a0}"
EndProject
Project("{FAE04EC0-301F-11D3-BF4B-00C04F79EFBC}") = "Unity.VisualScripting.State", "Unity.VisualScripting.State.csproj", "{c8cd912b-9852-ec1d-03a6-b81e6a35d029}"
EndProject
Project("{FAE04EC0-301F-11D3-BF4B-00C04F79EFBC}") = "Unity.VisualScripting.Core", "Unity.VisualScripting.Core.csproj", "{67052f73-0faa-af4e-09f8-91569996f208}"
EndProject
Project("{FAE04EC0-301F-11D3-BF4B-00C04F79EFBC}") = "Unity.Services.Core.Environments.Internal", "Unity.Services.Core.Environments.Internal.csproj", "{fce677b4-9a67-1881-4f65-5a189a9f127e}"
EndProject
Project("{FAE04EC0-301F-11D3-BF4B-00C04F79EFBC}") = "Unity.Burst", "Unity.Burst.csproj", "{9cbd09f5-c377-9131-ccdc-088264ff7e80}"
EndProject
Project("{FAE04EC0-301F-11D3-BF4B-00C04F79EFBC}") = "Assembly-CSharp", "Assembly-CSharp.csproj", "{ea5544b9-8369-5e3b-c642-b859f96fb0b3}"
EndProject
Project("{FAE04EC0-301F-11D3-BF4B-00C04F79EFBC}") = "Unity.TextMeshPro", "Unity.TextMeshPro.csproj", "{cb48e6f8-c2ba-e4ec-8421-fb605a743c37}"
EndProject
Project("{FAE04EC0-301F-11D3-BF4B-00C04F79EFBC}") = "Unity.Timeline", "Unity.Timeline.csproj", "{4ae66182-d3c2-9e14-2033-f61f5fa911b9}"
EndProject
Project("{FAE04EC0-301F-11D3-BF4B-00C04F79EFBC}") = "Unity.Services.Core", "Unity.Services.Core.csproj", "{5b784063-6249-2cb8-e769-6b993e509605}"
EndProject
Project("{FAE04EC0-301F-11D3-BF4B-00C04F79EFBC}") = "Unity.ML-Agents.CommunicatorObjects", "Unity.ML-Agents.CommunicatorObjects.csproj", "{7dc8cbaf-33ba-d9d0-95c6-fb08d8692e2e}"
EndProject
Project("{FAE04EC0-301F-11D3-BF4B-00C04F79EFBC}") = "Unity.Services.Core.Environments", "Unity.Services.Core.Environments.csproj", "{71f9ac24-b632-c388-99b2-287d59eafb22}"
EndProject
Project("{FAE04EC0-301F-11D3-BF4B-00C04F79EFBC}") = "Unity.Services.Core.Internal", "Unity.Services.Core.Internal.csproj", "{5f2991dd-73bc-72fa-c431-bef35287167e}"
EndProject
Project("{FAE04EC0-301F-11D3-BF4B-00C04F79EFBC}") = "Unity.Services.Core.Analytics", "Unity.Services.Core.Analytics.csproj", "{680bce8f-365f-99cb-bd4f-35ed8f7543f7}"
EndProject
Project("{FAE04EC0-301F-11D3-BF4B-00C04F79EFBC}") = "Unity.Services.Core.Scheduler", "Unity.Services.Core.Scheduler.csproj", "{004fdd8e-022a-367a-10a6-2c8f521c0444}"
EndProject
Project("{FAE04EC0-301F-11D3-BF4B-00C04F79EFBC}") = "Unity.Services.Core.Registration", "Unity.Services.Core.Registration.csproj", "{84725aa3-32c2-bc64-4221-556399669fe1}"
EndProject
Project("{FAE04EC0-301F-11D3-BF4B-00C04F79EFBC}") = "Unity.Services.Core.Device", "Unity.Services.Core.Device.csproj", "{6c9a5103-3898-90f0-8fae-085571d3745a}"
EndProject
Project("{FAE04EC0-301F-11D3-BF4B-00C04F79EFBC}") = "Unity.Services.Core.Threading", "Unity.Services.Core.Threading.csproj", "{b252168f-3be8-fb83-3218-1295e1059a90}"
EndProject
Project("{FAE04EC0-301F-11D3-BF4B-00C04F79EFBC}") = "Unity.Services.Core.Networking", "Unity.Services.Core.Networking.csproj", "{f26b67c1-c4d9-68ce-5ad2-c44e087efd67}"
EndProject
Project("{FAE04EC0-301F-11D3-BF4B-00C04F79EFBC}") = "Unity.Barracuda.BurstBLAS", "Unity.Barracuda.BurstBLAS.csproj", "{4b5e813e-b41a-bf87-6b25-464d5e82f485}"
EndProject
Project("{FAE04EC0-301F-11D3-BF4B-00C04F79EFBC}") = "Unity.Services.Core.Configuration", "Unity.Services.Core.Configuration.csproj", "{398e249a-fbb1-0d86-db86-6cb8e5b37438}"
EndProject
Project("{FAE04EC0-301F-11D3-BF4B-00C04F79EFBC}") = "Unity.Barracuda.iOSBLAS", "Unity.Barracuda.iOSBLAS.csproj", "{7f60bac3-de3d-23d4-7203-fc64286bb6f7}"
EndProject
Project("{FAE04EC0-301F-11D3-BF4B-00C04F79EFBC}") = "Unity.Barracuda.MacBLAS", "Unity.Barracuda.MacBLAS.csproj", "{998ec9dc-535d-1446-be81-7937dfae77b8}"
EndProject
Project("{FAE04EC0-301F-11D3-BF4B-00C04F79EFBC}") = "Unity.PlasticSCM.Editor", "Unity.PlasticSCM.Editor.csproj", "{05a4655a-c547-732b-516f-9e6cb2289fe1}"
EndProject
Project("{FAE04EC0-301F-11D3-BF4B-00C04F79EFBC}") = "Unity.VisualScripting.Core.Editor", "Unity.VisualScripting.Core.Editor.csproj", "{3bce623d-8a45-bae1-e181-37d5047d0894}"
EndProject
Project("{FAE04EC0-301F-11D3-BF4B-00C04F79EFBC}") = "Unity.VisualScripting.Flow.Editor", "Unity.VisualScripting.Flow.Editor.csproj", "{f2af3f40-f6da-7941-1a30-0f7a2051eee6}"
EndProject
Project("{FAE04EC0-301F-11D3-BF4B-00C04F79EFBC}") = "Unity.VisualStudio.Editor", "Unity.VisualStudio.Editor.csproj", "{4b61d280-1a55-2a93-e5ce-aefa8d6e4d43}"
EndProject
Project("{FAE04EC0-301F-11D3-BF4B-00C04F79EFBC}") = "Unity.Timeline.Editor", "Unity.Timeline.Editor.csproj", "{6936b7f7-300e-6dd8-f17f-e4e4204de12d}"
EndProject
Project("{FAE04EC0-301F-11D3-BF4B-00C04F79EFBC}") = "Unity.VisualScripting.State.Editor", "Unity.VisualScripting.State.Editor.csproj", "{db962f1a-6793-c461-be71-16e97c418069}"
EndProject
Project("{FAE04EC0-301F-11D3-BF4B-00C04F79EFBC}") = "Unity.TextMeshPro.Editor", "Unity.TextMeshPro.Editor.csproj", "{bb1fa51c-3d29-00c7-abc9-fb234f9f4a92}"
EndProject
Project("{FAE04EC0-301F-11D3-BF4B-00C04F79EFBC}") = "Unity.VisualScripting.SettingsProvider.Editor", "Unity.VisualScripting.SettingsProvider.Editor.csproj", "{2c6cc4bb-bc40-a4b4-3911-84413504f594}"
EndProject
Project("{FAE04EC0-301F-11D3-BF4B-00C04F79EFBC}") = "Unity.CollabProxy.Editor", "Unity.CollabProxy.Editor.csproj", "{e7825e9e-fc38-7aa5-aec9-c69b51a0a904}"
EndProject
Project("{FAE04EC0-301F-11D3-BF4B-00C04F79EFBC}") = "UnityEditor.TestRunner", "UnityEditor.TestRunner.csproj", "{d3062d8d-1c89-62ae-6c06-6cd23b79819f}"
EndProject
Project("{FAE04EC0-301F-11D3-BF4B-00C04F79EFBC}") = "Unity.Services.Core.Editor", "Unity.Services.Core.Editor.csproj", "{795bf840-943d-0161-f190-889e175c997a}"
EndProject
Project("{FAE04EC0-301F-11D3-BF4B-00C04F79EFBC}") = "Unity.TestTools.CodeCoverage.Editor", "Unity.TestTools.CodeCoverage.Editor.csproj", "{7d51b897-c134-e3d0-22ca-e5c463fca333}"
EndProject
Project("{FAE04EC0-301F-11D3-BF4B-00C04F79EFBC}") = "Unity.Rider.Editor", "Unity.Rider.Editor.csproj", "{c641e0e0-6cd1-ef39-d02f-b1606df361cc}"
EndProject
Project("{FAE04EC0-301F-11D3-BF4B-00C04F79EFBC}") = "Unity.Performance.Profile-Analyzer.Editor", "Unity.Performance.Profile-Analyzer.Editor.csproj", "{cd8a5145-1d50-c757-400c-942a31dc39b5}"
EndProject
Project("{FAE04EC0-301F-11D3-BF4B-00C04F79EFBC}") = "Unity.Burst.CodeGen", "Unity.Burst.CodeGen.csproj", "{f19bf1f6-3431-da6f-9db0-0711635a7f81}"
EndProject
Project("{FAE04EC0-301F-11D3-BF4B-00C04F79EFBC}") = "Unity.VSCode.Editor", "Unity.VSCode.Editor.csproj", "{c4f3eeb3-4ead-f0c7-b87d-63c7dd644984}"
EndProject
Project("{FAE04EC0-301F-11D3-BF4B-00C04F79EFBC}") = "UnityEditor.UI", "UnityEditor.UI.csproj", "{d6f9a139-49b2-1abe-2466-8a25ad614fd7}"
EndProject
Project("{FAE04EC0-301F-11D3-BF4B-00C04F79EFBC}") = "Unity.TestTools.CodeCoverage.Editor.OpenCover.Model", "Unity.TestTools.CodeCoverage.Editor.OpenCover.Model.csproj", "{f596fc13-6440-766d-090c-0ed55921c044}"
EndProject
Project("{FAE04EC0-301F-11D3-BF4B-00C04F79EFBC}") = "Unity.EditorCoroutines.Editor", "Unity.EditorCoroutines.Editor.csproj", "{217bf20d-6acb-3908-f11e-f0ccb27d0a62}"
EndProject
Project("{FAE04EC0-301F-11D3-BF4B-00C04F79EFBC}") = "Unity.Settings.Editor", "Unity.Settings.Editor.csproj", "{4d5b471c-6c8a-6d8f-9a6c-059405e53d65}"
EndProject
Project("{FAE04EC0-301F-11D3-BF4B-00C04F79EFBC}") = "Unity.Mathematics.Editor", "Unity.Mathematics.Editor.csproj", "{9b95e111-8ccc-af5c-9be0-1c94c29b17a3}"
EndProject
Project("{FAE04EC0-301F-11D3-BF4B-00C04F79EFBC}") = "Unity.Services.Core.Configuration.Editor", "Unity.Services.Core.Configuration.Editor.csproj", "{2c569063-f503-d509-5986-922669d03a9e}"
EndProject
Project("{FAE04EC0-301F-11D3-BF4B-00C04F79EFBC}") = "Unity.ML-Agents.Editor", "Unity.ML-Agents.Editor.csproj", "{a108e3db-9e16-12a9-9423-9fade2f2f97d}"
EndProject
Project("{FAE04EC0-301F-11D3-BF4B-00C04F79EFBC}") = "Unity.Burst.Editor", "Unity.Burst.Editor.csproj", "{6f7ca35f-b465-6bfe-a3ef-d337edaf424b}"
EndProject
Project("{FAE04EC0-301F-11D3-BF4B-00C04F79EFBC}") = "Unity.Barracuda.Editor", "Unity.Barracuda.Editor.csproj", "{c2359eb8-eac5-bc80-df85-aed58a03b084}"
EndProject
Project("{FAE04EC0-301F-11D3-BF4B-00C04F79EFBC}") = "Unity.TestTools.CodeCoverage.Editor.OpenCover.Mono.Reflection", "Unity.TestTools.CodeCoverage.Editor.OpenCover.Mono.Reflection.csproj", "{0e87cf5d-9501-58b1-6f36-7946d64f69f3}"
EndProject
Project("{FAE04EC0-301F-11D3-BF4B-00C04F79EFBC}") = "Unity.VisualScripting.Shared.Editor", "Unity.VisualScripting.Shared.Editor.csproj", "{61802901-9858-bc45-1eb1-0b4334b68c7f}"
EndProject
Global
	GlobalSection(SolutionConfigurationPlatforms) = preSolution
		Debug|Any CPU = Debug|Any CPU
	EndGlobalSection
	GlobalSection(ProjectConfigurationPlatforms) = postSolution
		{4508aa91-4a1d-67df-7073-7f71a4f4506a}.Debug|Any CPU.ActiveCfg = Debug|Any CPU
		{4508aa91-4a1d-67df-7073-7f71a4f4506a}.Debug|Any CPU.Build.0 = Debug|Any CPU
		{4711336a-38b9-e020-a5f2-98f976150917}.Debug|Any CPU.ActiveCfg = Debug|Any CPU
		{4711336a-38b9-e020-a5f2-98f976150917}.Debug|Any CPU.Build.0 = Debug|Any CPU
		{2ccb05a8-ae64-beb3-1ee4-78ebe349f697}.Debug|Any CPU.ActiveCfg = Debug|Any CPU
		{2ccb05a8-ae64-beb3-1ee4-78ebe349f697}.Debug|Any CPU.Build.0 = Debug|Any CPU
		{2a316ca6-4bff-6af2-34f3-cbaa1d95deef}.Debug|Any CPU.ActiveCfg = Debug|Any CPU
		{2a316ca6-4bff-6af2-34f3-cbaa1d95deef}.Debug|Any CPU.Build.0 = Debug|Any CPU
		{35b88c30-6e59-4be0-22c6-4dabdd4156b4}.Debug|Any CPU.ActiveCfg = Debug|Any CPU
		{35b88c30-6e59-4be0-22c6-4dabdd4156b4}.Debug|Any CPU.Build.0 = Debug|Any CPU
		{8ee3c8d9-7d6d-c92b-aac8-40f1da20d19f}.Debug|Any CPU.ActiveCfg = Debug|Any CPU
		{8ee3c8d9-7d6d-c92b-aac8-40f1da20d19f}.Debug|Any CPU.Build.0 = Debug|Any CPU
		{21eca70a-1159-f486-0a45-3ebaf31a0ed6}.Debug|Any CPU.ActiveCfg = Debug|Any CPU
		{21eca70a-1159-f486-0a45-3ebaf31a0ed6}.Debug|Any CPU.Build.0 = Debug|Any CPU
		{f152072b-ed4a-2389-e4d6-0cd4c86927a0}.Debug|Any CPU.ActiveCfg = Debug|Any CPU
		{f152072b-ed4a-2389-e4d6-0cd4c86927a0}.Debug|Any CPU.Build.0 = Debug|Any CPU
		{c8cd912b-9852-ec1d-03a6-b81e6a35d029}.Debug|Any CPU.ActiveCfg = Debug|Any CPU
		{c8cd912b-9852-ec1d-03a6-b81e6a35d029}.Debug|Any CPU.Build.0 = Debug|Any CPU
		{67052f73-0faa-af4e-09f8-91569996f208}.Debug|Any CPU.ActiveCfg = Debug|Any CPU
		{67052f73-0faa-af4e-09f8-91569996f208}.Debug|Any CPU.Build.0 = Debug|Any CPU
		{fce677b4-9a67-1881-4f65-5a189a9f127e}.Debug|Any CPU.ActiveCfg = Debug|Any CPU
		{fce677b4-9a67-1881-4f65-5a189a9f127e}.Debug|Any CPU.Build.0 = Debug|Any CPU
		{9cbd09f5-c377-9131-ccdc-088264ff7e80}.Debug|Any CPU.ActiveCfg = Debug|Any CPU
		{9cbd09f5-c377-9131-ccdc-088264ff7e80}.Debug|Any CPU.Build.0 = Debug|Any CPU
		{ea5544b9-8369-5e3b-c642-b859f96fb0b3}.Debug|Any CPU.ActiveCfg = Debug|Any CPU
		{ea5544b9-8369-5e3b-c642-b859f96fb0b3}.Debug|Any CPU.Build.0 = Debug|Any CPU
		{cb48e6f8-c2ba-e4ec-8421-fb605a743c37}.Debug|Any CPU.ActiveCfg = Debug|Any CPU
		{cb48e6f8-c2ba-e4ec-8421-fb605a743c37}.Debug|Any CPU.Build.0 = Debug|Any CPU
		{4ae66182-d3c2-9e14-2033-f61f5fa911b9}.Debug|Any CPU.ActiveCfg = Debug|Any CPU
		{4ae66182-d3c2-9e14-2033-f61f5fa911b9}.Debug|Any CPU.Build.0 = Debug|Any CPU
		{5b784063-6249-2cb8-e769-6b993e509605}.Debug|Any CPU.ActiveCfg = Debug|Any CPU
		{5b784063-6249-2cb8-e769-6b993e509605}.Debug|Any CPU.Build.0 = Debug|Any CPU
		{7dc8cbaf-33ba-d9d0-95c6-fb08d8692e2e}.Debug|Any CPU.ActiveCfg = Debug|Any CPU
		{7dc8cbaf-33ba-d9d0-95c6-fb08d8692e2e}.Debug|Any CPU.Build.0 = Debug|Any CPU
		{71f9ac24-b632-c388-99b2-287d59eafb22}.Debug|Any CPU.ActiveCfg = Debug|Any CPU
		{71f9ac24-b632-c388-99b2-287d59eafb22}.Debug|Any CPU.Build.0 = Debug|Any CPU
		{5f2991dd-73bc-72fa-c431-bef35287167e}.Debug|Any CPU.ActiveCfg = Debug|Any CPU
		{5f2991dd-73bc-72fa-c431-bef35287167e}.Debug|Any CPU.Build.0 = Debug|Any CPU
		{680bce8f-365f-99cb-bd4f-35ed8f7543f7}.Debug|Any CPU.ActiveCfg = Debug|Any CPU
		{680bce8f-365f-99cb-bd4f-35ed8f7543f7}.Debug|Any CPU.Build.0 = Debug|Any CPU
		{004fdd8e-022a-367a-10a6-2c8f521c0444}.Debug|Any CPU.ActiveCfg = Debug|Any CPU
		{004fdd8e-022a-367a-10a6-2c8f521c0444}.Debug|Any CPU.Build.0 = Debug|Any CPU
		{84725aa3-32c2-bc64-4221-556399669fe1}.Debug|Any CPU.ActiveCfg = Debug|Any CPU
		{84725aa3-32c2-bc64-4221-556399669fe1}.Debug|Any CPU.Build.0 = Debug|Any CPU
		{6c9a5103-3898-90f0-8fae-085571d3745a}.Debug|Any CPU.ActiveCfg = Debug|Any CPU
		{6c9a5103-3898-90f0-8fae-085571d3745a}.Debug|Any CPU.Build.0 = Debug|Any CPU
		{b252168f-3be8-fb83-3218-1295e1059a90}.Debug|Any CPU.ActiveCfg = Debug|Any CPU
		{b252168f-3be8-fb83-3218-1295e1059a90}.Debug|Any CPU.Build.0 = Debug|Any CPU
		{f26b67c1-c4d9-68ce-5ad2-c44e087efd67}.Debug|Any CPU.ActiveCfg = Debug|Any CPU
		{f26b67c1-c4d9-68ce-5ad2-c44e087efd67}.Debug|Any CPU.Build.0 = Debug|Any CPU
		{4b5e813e-b41a-bf87-6b25-464d5e82f485}.Debug|Any CPU.ActiveCfg = Debug|Any CPU
		{4b5e813e-b41a-bf87-6b25-464d5e82f485}.Debug|Any CPU.Build.0 = Debug|Any CPU
		{398e249a-fbb1-0d86-db86-6cb8e5b37438}.Debug|Any CPU.ActiveCfg = Debug|Any CPU
		{398e249a-fbb1-0d86-db86-6cb8e5b37438}.Debug|Any CPU.Build.0 = Debug|Any CPU
		{7f60bac3-de3d-23d4-7203-fc64286bb6f7}.Debug|Any CPU.ActiveCfg = Debug|Any CPU
		{7f60bac3-de3d-23d4-7203-fc64286bb6f7}.Debug|Any CPU.Build.0 = Debug|Any CPU
		{998ec9dc-535d-1446-be81-7937dfae77b8}.Debug|Any CPU.ActiveCfg = Debug|Any CPU
		{998ec9dc-535d-1446-be81-7937dfae77b8}.Debug|Any CPU.Build.0 = Debug|Any CPU
		{05a4655a-c547-732b-516f-9e6cb2289fe1}.Debug|Any CPU.ActiveCfg = Debug|Any CPU
		{05a4655a-c547-732b-516f-9e6cb2289fe1}.Debug|Any CPU.Build.0 = Debug|Any CPU
		{3bce623d-8a45-bae1-e181-37d5047d0894}.Debug|Any CPU.ActiveCfg = Debug|Any CPU
		{3bce623d-8a45-bae1-e181-37d5047d0894}.Debug|Any CPU.Build.0 = Debug|Any CPU
		{f2af3f40-f6da-7941-1a30-0f7a2051eee6}.Debug|Any CPU.ActiveCfg = Debug|Any CPU
		{f2af3f40-f6da-7941-1a30-0f7a2051eee6}.Debug|Any CPU.Build.0 = Debug|Any CPU
		{4b61d280-1a55-2a93-e5ce-aefa8d6e4d43}.Debug|Any CPU.ActiveCfg = Debug|Any CPU
		{4b61d280-1a55-2a93-e5ce-aefa8d6e4d43}.Debug|Any CPU.Build.0 = Debug|Any CPU
		{6936b7f7-300e-6dd8-f17f-e4e4204de12d}.Debug|Any CPU.ActiveCfg = Debug|Any CPU
		{6936b7f7-300e-6dd8-f17f-e4e4204de12d}.Debug|Any CPU.Build.0 = Debug|Any CPU
		{db962f1a-6793-c461-be71-16e97c418069}.Debug|Any CPU.ActiveCfg = Debug|Any CPU
		{db962f1a-6793-c461-be71-16e97c418069}.Debug|Any CPU.Build.0 = Debug|Any CPU
		{bb1fa51c-3d29-00c7-abc9-fb234f9f4a92}.Debug|Any CPU.ActiveCfg = Debug|Any CPU
		{bb1fa51c-3d29-00c7-abc9-fb234f9f4a92}.Debug|Any CPU.Build.0 = Debug|Any CPU
		{2c6cc4bb-bc40-a4b4-3911-84413504f594}.Debug|Any CPU.ActiveCfg = Debug|Any CPU
		{2c6cc4bb-bc40-a4b4-3911-84413504f594}.Debug|Any CPU.Build.0 = Debug|Any CPU
		{e7825e9e-fc38-7aa5-aec9-c69b51a0a904}.Debug|Any CPU.ActiveCfg = Debug|Any CPU
		{e7825e9e-fc38-7aa5-aec9-c69b51a0a904}.Debug|Any CPU.Build.0 = Debug|Any CPU
		{d3062d8d-1c89-62ae-6c06-6cd23b79819f}.Debug|Any CPU.ActiveCfg = Debug|Any CPU
		{d3062d8d-1c89-62ae-6c06-6cd23b79819f}.Debug|Any CPU.Build.0 = Debug|Any CPU
		{795bf840-943d-0161-f190-889e175c997a}.Debug|Any CPU.ActiveCfg = Debug|Any CPU
		{795bf840-943d-0161-f190-889e175c997a}.Debug|Any CPU.Build.0 = Debug|Any CPU
		{7d51b897-c134-e3d0-22ca-e5c463fca333}.Debug|Any CPU.ActiveCfg = Debug|Any CPU
		{7d51b897-c134-e3d0-22ca-e5c463fca333}.Debug|Any CPU.Build.0 = Debug|Any CPU
		{c641e0e0-6cd1-ef39-d02f-b1606df361cc}.Debug|Any CPU.ActiveCfg = Debug|Any CPU
		{c641e0e0-6cd1-ef39-d02f-b1606df361cc}.Debug|Any CPU.Build.0 = Debug|Any CPU
		{cd8a5145-1d50-c757-400c-942a31dc39b5}.Debug|Any CPU.ActiveCfg = Debug|Any CPU
		{cd8a5145-1d50-c757-400c-942a31dc39b5}.Debug|Any CPU.Build.0 = Debug|Any CPU
		{f19bf1f6-3431-da6f-9db0-0711635a7f81}.Debug|Any CPU.ActiveCfg = Debug|Any CPU
		{f19bf1f6-3431-da6f-9db0-0711635a7f81}.Debug|Any CPU.Build.0 = Debug|Any CPU
		{c4f3eeb3-4ead-f0c7-b87d-63c7dd644984}.Debug|Any CPU.ActiveCfg = Debug|Any CPU
		{c4f3eeb3-4ead-f0c7-b87d-63c7dd644984}.Debug|Any CPU.Build.0 = Debug|Any CPU
		{d6f9a139-49b2-1abe-2466-8a25ad614fd7}.Debug|Any CPU.ActiveCfg = Debug|Any CPU
		{d6f9a139-49b2-1abe-2466-8a25ad614fd7}.Debug|Any CPU.Build.0 = Debug|Any CPU
		{f596fc13-6440-766d-090c-0ed55921c044}.Debug|Any CPU.ActiveCfg = Debug|Any CPU
		{f596fc13-6440-766d-090c-0ed55921c044}.Debug|Any CPU.Build.0 = Debug|Any CPU
		{217bf20d-6acb-3908-f11e-f0ccb27d0a62}.Debug|Any CPU.ActiveCfg = Debug|Any CPU
		{217bf20d-6acb-3908-f11e-f0ccb27d0a62}.Debug|Any CPU.Build.0 = Debug|Any CPU
		{4d5b471c-6c8a-6d8f-9a6c-059405e53d65}.Debug|Any CPU.ActiveCfg = Debug|Any CPU
		{4d5b471c-6c8a-6d8f-9a6c-059405e53d65}.Debug|Any CPU.Build.0 = Debug|Any CPU
		{9b95e111-8ccc-af5c-9be0-1c94c29b17a3}.Debug|Any CPU.ActiveCfg = Debug|Any CPU
		{9b95e111-8ccc-af5c-9be0-1c94c29b17a3}.Debug|Any CPU.Build.0 = Debug|Any CPU
		{2c569063-f503-d509-5986-922669d03a9e}.Debug|Any CPU.ActiveCfg = Debug|Any CPU
		{2c569063-f503-d509-5986-922669d03a9e}.Debug|Any CPU.Build.0 = Debug|Any CPU
		{a108e3db-9e16-12a9-9423-9fade2f2f97d}.Debug|Any CPU.ActiveCfg = Debug|Any CPU
		{a108e3db-9e16-12a9-9423-9fade2f2f97d}.Debug|Any CPU.Build.0 = Debug|Any CPU
		{6f7ca35f-b465-6bfe-a3ef-d337edaf424b}.Debug|Any CPU.ActiveCfg = Debug|Any CPU
		{6f7ca35f-b465-6bfe-a3ef-d337edaf424b}.Debug|Any CPU.Build.0 = Debug|Any CPU
		{c2359eb8-eac5-bc80-df85-aed58a03b084}.Debug|Any CPU.ActiveCfg = Debug|Any CPU
		{c2359eb8-eac5-bc80-df85-aed58a03b084}.Debug|Any CPU.Build.0 = Debug|Any CPU
		{0e87cf5d-9501-58b1-6f36-7946d64f69f3}.Debug|Any CPU.ActiveCfg = Debug|Any CPU
		{0e87cf5d-9501-58b1-6f36-7946d64f69f3}.Debug|Any CPU.Build.0 = Debug|Any CPU
		{61802901-9858-bc45-1eb1-0b4334b68c7f}.Debug|Any CPU.ActiveCfg = Debug|Any CPU
		{61802901-9858-bc45-1eb1-0b4334b68c7f}.Debug|Any CPU.Build.0 = Debug|Any CPU
	EndGlobalSection
	GlobalSection(SolutionProperties) = preSolution
		HideSolutionNode = FALSE
	EndGlobalSection
EndGlobal
